
Microsoft Visual Studio Solution File, Format Version 12.00
# Visual Studio 15
Project("{FAE04EC0-301F-11D3-BF4B-00C04F79EFBC}") = "MathsFunctions.UI", "MathsFunctions.UI\MathsFunctions.UI.csproj", "{E74514CA-F057-4C6F-B540-AF66A2D53D2D}"
EndProject
Project("{FAE04EC0-301F-11D3-BF4B-00C04F79EFBC}") = "MathsFunctions.Library", "MathsFunctions.Library\MathsFunctions.Library.csproj", "{A6BCC87D-CC7E-4291-B596-E7EED48A1FAE}"
EndProject
Project("{FAE04EC0-301F-11D3-BF4B-00C04F79EFBC}") = "MathsFunctions.Tests", "MathsFunctions.Tests\MathsFunctions.Tests.csproj", "{E2821635-B3F1-4523-979B-2B516BB5BE25}"
EndProject
Global
	GlobalSection(SolutionConfigurationPlatforms) = preSolution
		Debug|Any CPU = Debug|Any CPU
		Release|Any CPU = Release|Any CPU
	EndGlobalSection
	GlobalSection(ProjectConfigurationPlatforms) = postSolution
		{E74514CA-F057-4C6F-B540-AF66A2D53D2D}.Debug|Any CPU.ActiveCfg = Debug|Any CPU
		{E74514CA-F057-4C6F-B540-AF66A2D53D2D}.Debug|Any CPU.Build.0 = Debug|Any CPU
		{E74514CA-F057-4C6F-B540-AF66A2D53D2D}.Release|Any CPU.ActiveCfg = Release|Any CPU
		{E74514CA-F057-4C6F-B540-AF66A2D53D2D}.Release|Any CPU.Build.0 = Release|Any CPU
		{A6BCC87D-CC7E-4291-B596-E7EED48A1FAE}.Debug|Any CPU.ActiveCfg = Debug|Any CPU
		{A6BCC87D-CC7E-4291-B596-E7EED48A1FAE}.Debug|Any CPU.Build.0 = Debug|Any CPU
		{A6BCC87D-CC7E-4291-B596-E7EED48A1FAE}.Release|Any CPU.ActiveCfg = Release|Any CPU
		{A6BCC87D-CC7E-4291-B596-E7EED48A1FAE}.Release|Any CPU.Build.0 = Release|Any CPU
		{E2821635-B3F1-4523-979B-2B516BB5BE25}.Debug|Any CPU.ActiveCfg = Debug|Any CPU
		{E2821635-B3F1-4523-979B-2B516BB5BE25}.Debug|Any CPU.Build.0 = Debug|Any CPU
		{E2821635-B3F1-4523-979B-2B516BB5BE25}.Release|Any CPU.ActiveCfg = Release|Any CPU
		{E2821635-B3F1-4523-979B-2B516BB5BE25}.Release|Any CPU.Build.0 = Release|Any CPU
	EndGlobalSection
EndGlobal
